
Microsoft Visual Studio Solution File, Format Version 12.00
# Visual Studio Version 16
VisualStudioVersion = 16.0.29519.87
MinimumVisualStudioVersion = 10.0.40219.1
Project("{FAE04EC0-301F-11D3-BF4B-00C04F79EFBC}") = "homeWorkLesson8_1", "homeWorkLesson8_1\homeWorkLesson8_1.csproj", "{D3D1C145-A500-4F9F-81F4-7D480E1A7CF6}"
EndProject
Project("{FAE04EC0-301F-11D3-BF4B-00C04F79EFBC}") = "homeWorkLesson8_2", "homeWorkLesson8_2\homeWorkLesson8_2.csproj", "{566CF2A0-91FC-4453-9E01-63248DBAB7EA}"
EndProject
Project("{FAE04EC0-301F-11D3-BF4B-00C04F79EFBC}") = "homeWorkLesson8_3", "homeWorkLesson8_3\homeWorkLesson8_3.csproj", "{9262729D-34EB-4D17-B82F-F7D36A5185D6}"
EndProject
Project("{FAE04EC0-301F-11D3-BF4B-00C04F79EFBC}") = "homeWorkLesson8_4", "homeWorkLesson8_4\homeWorkLesson8_4.csproj", "{C7AA6C95-1048-4A1F-B1B4-F6B4281B5B5C}"
EndProject
Global
	GlobalSection(SolutionConfigurationPlatforms) = preSolution
		Debug|Any CPU = Debug|Any CPU
		Release|Any CPU = Release|Any CPU
	EndGlobalSection
	GlobalSection(ProjectConfigurationPlatforms) = postSolution
		{D3D1C145-A500-4F9F-81F4-7D480E1A7CF6}.Debug|Any CPU.ActiveCfg = Debug|Any CPU
		{D3D1C145-A500-4F9F-81F4-7D480E1A7CF6}.Debug|Any CPU.Build.0 = Debug|Any CPU
		{D3D1C145-A500-4F9F-81F4-7D480E1A7CF6}.Release|Any CPU.ActiveCfg = Release|Any CPU
		{D3D1C145-A500-4F9F-81F4-7D480E1A7CF6}.Release|Any CPU.Build.0 = Release|Any CPU
		{566CF2A0-91FC-4453-9E01-63248DBAB7EA}.Debug|Any CPU.ActiveCfg = Debug|Any CPU
		{566CF2A0-91FC-4453-9E01-63248DBAB7EA}.Debug|Any CPU.Build.0 = Debug|Any CPU
		{566CF2A0-91FC-4453-9E01-63248DBAB7EA}.Release|Any CPU.ActiveCfg = Release|Any CPU
		{566CF2A0-91FC-4453-9E01-63248DBAB7EA}.Release|Any CPU.Build.0 = Release|Any CPU
		{9262729D-34EB-4D17-B82F-F7D36A5185D6}.Debug|Any CPU.ActiveCfg = Debug|Any CPU
		{9262729D-34EB-4D17-B82F-F7D36A5185D6}.Debug|Any CPU.Build.0 = Debug|Any CPU
		{9262729D-34EB-4D17-B82F-F7D36A5185D6}.Release|Any CPU.ActiveCfg = Release|Any CPU
		{9262729D-34EB-4D17-B82F-F7D36A5185D6}.Release|Any CPU.Build.0 = Release|Any CPU
		{C7AA6C95-1048-4A1F-B1B4-F6B4281B5B5C}.Debug|Any CPU.ActiveCfg = Debug|Any CPU
		{C7AA6C95-1048-4A1F-B1B4-F6B4281B5B5C}.Debug|Any CPU.Build.0 = Debug|Any CPU
		{C7AA6C95-1048-4A1F-B1B4-F6B4281B5B5C}.Release|Any CPU.ActiveCfg = Release|Any CPU
		{C7AA6C95-1048-4A1F-B1B4-F6B4281B5B5C}.Release|Any CPU.Build.0 = Release|Any CPU
	EndGlobalSection
	GlobalSection(SolutionProperties) = preSolution
		HideSolutionNode = FALSE
	EndGlobalSection
	GlobalSection(ExtensibilityGlobals) = postSolution
		SolutionGuid = {3DD45ED2-D216-4C85-A2E7-607833AED947}
	EndGlobalSection
EndGlobal
